{
  "nodes": {
    "devshell": {
      "inputs": {
        "flake-utils": [
          "flake-utils"
        ],
        "nixpkgs": [
          "nixpkgs"
        ]
      },
      "locked": {
        "lastModified": 1667210711,
        "narHash": "sha256-IoErjXZAkzYWHEpQqwu/DeRNJGFdR7X2OGbkhMqMrpw=",
        "owner": "numtide",
        "repo": "devshell",
        "rev": "96a9dd12b8a447840cc246e17a47b81a4268bba7",
        "type": "github"
      },
      "original": {
        "owner": "numtide",
        "repo": "devshell",
        "type": "github"
      }
    },
    "flake-compat": {
      "flake": false,
      "locked": {
        "lastModified": 1650374568,
        "narHash": "sha256-Z+s0J8/r907g149rllvwhb4pKi8Wam5ij0st8PwAh+E=",
        "owner": "edolstra",
        "repo": "flake-compat",
        "rev": "b4a34015c698c7793d592d66adbab377907a2be8",
        "type": "github"
      },
      "original": {
        "owner": "edolstra",
        "repo": "flake-compat",
        "type": "github"
      }
    },
    "flake-utils": {
      "locked": {
        "lastModified": 1667395993,
        "narHash": "sha256-nuEHfE/LcWyuSWnS8t12N1wc105Qtau+/OdUAjtQ0rA=",
        "owner": "numtide",
        "repo": "flake-utils",
        "rev": "5aed5285a952e0b949eb3ba02c12fa4fcfef535f",
        "type": "github"
      },
      "original": {
        "owner": "numtide",
        "repo": "flake-utils",
        "type": "github"
      }
    },
    "naersk": {
      "inputs": {
        "nixpkgs": [
          "nixpkgs"
        ]
      },
      "locked": {
        "lastModified": 1646694738,
        "narHash": "sha256-SmVMERrMK/3oj5x4T2mGCizF9/wiTnxPFj/F3Xys+zA=",
        "owner": "NickHu",
        "repo": "naersk",
        "rev": "764a2b2829a723b0f1fe16cdb0534720447079ee",
        "type": "github"
      },
      "original": {
        "owner": "NickHu",
        "repo": "naersk",
        "type": "github"
      }
    },
    "nix-cargo-integration": {
      "inputs": {
        "devshell": [
          "devshell"
        ],
        "nixpkgs": [
          "nixpkgs"
        ],
        "rustOverlay": [
          "rust-overlay"
        ]
      },
      "locked": {
        "lastModified": 1646486191,
        "narHash": "sha256-vfaibO3htd9wnQ2Wsrd4A+Db1TbjbPd6mBMSPcpwmMw=",
        "owner": "yusdacra",
        "repo": "nix-cargo-integration",
        "rev": "7fe944f24f1a7014b58ddafbdc8cf1ffae4de1ab",
        "type": "github"
      },
      "original": {
        "owner": "yusdacra",
        "repo": "nix-cargo-integration",
        "rev": "7fe944f24f1a7014b58ddafbdc8cf1ffae4de1ab",
        "type": "github"
      }
    },
    "nixpkgs": {
      "locked": {
        "lastModified": 1667991831,
        "narHash": "sha256-DHgEsLZI044B9T4AjA3K6+yB9/DqLr4dyA7OIx0FG7o=",
        "owner": "NixOS",
        "repo": "nixpkgs",
        "rev": "872fceeed60ae6b7766cc0a4cd5bf5901b9098ec",
        "type": "github"
      },
      "original": {
        "owner": "NixOS",
        "ref": "nixos-unstable",
        "repo": "nixpkgs",
        "type": "github"
      }
    },
    "npmlock2nix": {
      "flake": false,
      "locked": {
        "lastModified": 1664436392,
        "narHash": "sha256-H+sGDfpuVZ2uXCQOhA/9WYpda8ScGFZY+u11TY31jjU=",
        "owner": "nix-community",
        "repo": "npmlock2nix",
        "rev": "10584aabd213ed135184d69f592b66566718d7fc",
        "type": "github"
      },
      "original": {
        "owner": "nix-community",
        "repo": "npmlock2nix",
        "rev": "10584aabd213ed135184d69f592b66566718d7fc",
        "type": "github"
      }
    },
    "root": {
      "inputs": {
        "devshell": "devshell",
        "flake-compat": "flake-compat",
        "flake-utils": "flake-utils",
        "naersk": "naersk",
        "nix-cargo-integration": "nix-cargo-integration",
        "nixpkgs": "nixpkgs",
        "npmlock2nix": "npmlock2nix",
        "rust-overlay": "rust-overlay"
      }
    },
    "rust-overlay": {
      "inputs": {
        "flake-utils": [
          "flake-utils"
        ],
        "nixpkgs": [
          "nixpkgs"
        ]
      },
      "locked": {
        "lastModified": 1668134765,
        "narHash": "sha256-pPTpucjGejrv5aYBj1PElWl2SV//wmTUeGfyzakmqKM=",
        "owner": "oxalica",
        "repo": "rust-overlay",
        "rev": "d9917a612b3d09f26f0ead5b793009a9f6047c16",
        "type": "github"
      },
      "original": {
        "owner": "oxalica",
        "repo": "rust-overlay",
        "type": "github"
      }
    }
  },
  "root": "root",
  "version": 7
}
