{
  "nodes": {
    "devshell": {
      "inputs": {
        "flake-utils": [
          "flake-utils"
        ],
        "nixpkgs": [
          "nixpkgs"
        ]
      },
      "locked": {
        "lastModified": 1647857022,
        "narHash": "sha256-Aw70NWLOIwKhT60MHDGjgWis3DP3faCzr6ap9CSayek=",
        "owner": "numtide",
        "repo": "devshell",
        "rev": "0a5ff74dacb9ea22614f64e61aeb3ca0bf0e7311",
        "type": "github"
      },
      "original": {
        "owner": "numtide",
        "repo": "devshell",
        "type": "github"
      }
    },
    "flake-compat": {
      "flake": false,
      "locked": {
        "lastModified": 1648199409,
        "narHash": "sha256-JwPKdC2PoVBkG6E+eWw3j6BMR6sL3COpYWfif7RVb8Y=",
        "owner": "edolstra",
        "repo": "flake-compat",
        "rev": "64a525ee38886ab9028e6f61790de0832aa3ef03",
        "type": "github"
      },
      "original": {
        "owner": "edolstra",
        "repo": "flake-compat",
        "type": "github"
      }
    },
    "flake-utils": {
      "locked": {
        "lastModified": 1648297722,
        "narHash": "sha256-W+qlPsiZd8F3XkzXOzAoR+mpFqzm3ekQkJNa+PIh1BQ=",
        "owner": "numtide",
        "repo": "flake-utils",
        "rev": "0f8662f1319ad6abf89b3380dd2722369fc51ade",
        "type": "github"
      },
      "original": {
        "owner": "numtide",
        "repo": "flake-utils",
        "type": "github"
      }
    },
    "naersk": {
      "inputs": {
        "nixpkgs": [
          "nixpkgs"
        ]
      },
      "locked": {
        "lastModified": 1646694738,
        "narHash": "sha256-SmVMERrMK/3oj5x4T2mGCizF9/wiTnxPFj/F3Xys+zA=",
        "owner": "NickHu",
        "repo": "naersk",
        "rev": "764a2b2829a723b0f1fe16cdb0534720447079ee",
        "type": "github"
      },
      "original": {
        "owner": "NickHu",
        "repo": "naersk",
        "type": "github"
      }
    },
    "nix-cargo-integration": {
      "inputs": {
        "devshell": [
          "devshell"
        ],
        "nixpkgs": [
          "nixpkgs"
        ],
        "rustOverlay": "rustOverlay"
      },
      "locked": {
        "lastModified": 1646486191,
        "narHash": "sha256-vfaibO3htd9wnQ2Wsrd4A+Db1TbjbPd6mBMSPcpwmMw=",
        "owner": "yusdacra",
        "repo": "nix-cargo-integration",
        "rev": "7fe944f24f1a7014b58ddafbdc8cf1ffae4de1ab",
        "type": "github"
      },
      "original": {
        "owner": "yusdacra",
        "repo": "nix-cargo-integration",
        "rev": "7fe944f24f1a7014b58ddafbdc8cf1ffae4de1ab",
        "type": "github"
      }
    },
    "nixpkgs": {
      "locked": {
        "lastModified": 1648390671,
        "narHash": "sha256-u69opCeHUx3CsdIerD0wVSR+DjfDQjnztObqfk9Trqc=",
        "owner": "NixOS",
        "repo": "nixpkgs",
        "rev": "ce8cbe3c01fd8ee2de526ccd84bbf9b82397a510",
        "type": "github"
      },
      "original": {
        "owner": "NixOS",
        "ref": "nixos-unstable",
        "repo": "nixpkgs",
        "type": "github"
      }
    },
    "root": {
      "inputs": {
        "devshell": "devshell",
        "flake-compat": "flake-compat",
        "flake-utils": "flake-utils",
        "naersk": "naersk",
        "nix-cargo-integration": "nix-cargo-integration",
        "nixpkgs": "nixpkgs",
        "rust-overlay": "rust-overlay"
      }
    },
    "rust-overlay": {
      "inputs": {
        "flake-utils": [
          "flake-utils"
        ],
        "nixpkgs": [
          "nixpkgs"
        ]
      },
      "locked": {
        "lastModified": 1648521261,
        "narHash": "sha256-3wTylxx9CKZKm2VbzcxnYShqVhkOc+BY9LTH9driT0g=",
        "owner": "oxalica",
        "repo": "rust-overlay",
        "rev": "65761098e463a18a8d7580ed990406d3e718800a",
        "type": "github"
      },
      "original": {
        "owner": "oxalica",
        "repo": "rust-overlay",
        "type": "github"
      }
    },
    "rustOverlay": {
      "flake": false,
      "locked": {
        "lastModified": 1646447076,
        "narHash": "sha256-iGA3OueLeVPjyFM6LjDK1wIIci1DwsLh7CUCRc1qRbA=",
        "owner": "oxalica",
        "repo": "rust-overlay",
        "rev": "6923045c7b80aba6c81fe3eca7824a20c8724c0f",
        "type": "github"
      },
      "original": {
        "owner": "oxalica",
        "repo": "rust-overlay",
        "type": "github"
      }
    }
  },
  "root": "root",
  "version": 7
}
